
Microsoft Visual Studio Solution File, Format Version 12.00
# Visual Studio Version 16
VisualStudioVersion = 16.0.30802.185
MinimumVisualStudioVersion = 10.0.40219.1
Project("{FAE04EC0-301F-11D3-BF4B-00C04F79EFBC}") = "AncientFont", "AncientFont\AncientFont.csproj", "{591D5F34-C65E-49F0-B33A-4FC1B6269F41}"
EndProject
Global
	GlobalSection(SolutionConfigurationPlatforms) = preSolution
		Debug|Any CPU = Debug|Any CPU
		Release|Any CPU = Release|Any CPU
	EndGlobalSection
	GlobalSection(ProjectConfigurationPlatforms) = postSolution
		{591D5F34-C65E-49F0-B33A-4FC1B6269F41}.Debug|Any CPU.ActiveCfg = Debug|Any CPU
		{591D5F34-C65E-49F0-B33A-4FC1B6269F41}.Debug|Any CPU.Build.0 = Debug|Any CPU
		{591D5F34-C65E-49F0-B33A-4FC1B6269F41}.Release|Any CPU.ActiveCfg = Release|Any CPU
		{591D5F34-C65E-49F0-B33A-4FC1B6269F41}.Release|Any CPU.Build.0 = Release|Any CPU
	EndGlobalSection
	GlobalSection(SolutionProperties) = preSolution
		HideSolutionNode = FALSE
	EndGlobalSection
	GlobalSection(ExtensibilityGlobals) = postSolution
		SolutionGuid = {C5D860E5-DC21-4AE2-AF14-D3813E4249FC}
	EndGlobalSection
EndGlobal
